
Microsoft Visual Studio Solution File, Format Version 12.00
# Visual Studio 15
VisualStudioVersion = 15.0.27004.2009
MinimumVisualStudioVersion = 10.0.40219.1
Project("{FAE04EC0-301F-11D3-BF4B-00C04F79EFBC}") = "PPCRental.AcceptanceTests", "PPCRental.AcceptanceTests\PPCRental.AcceptanceTests.csproj", "{1E46C189-22DF-4EB1-96D1-2D3B0BA94B2A}"
EndProject
Project("{FAE04EC0-301F-11D3-BF4B-00C04F79EFBC}") = "PPCRental.UITests.Selenium", "PPCRental.UITests.Selenium\PPCRental.UITests.Selenium.csproj", "{D237C4C7-36D0-4A5C-BE86-E0A3BF47CB3D}"
EndProject
Project("{FAE04EC0-301F-11D3-BF4B-00C04F79EFBC}") = "PPCRental.UnitTests", "PPCRental.UnitTests\PPCRental.UnitTests.csproj", "{418F11FC-C3AB-43DE-B00D-AF00F364107B}"
EndProject
Project("{FAE04EC0-301F-11D3-BF4B-00C04F79EFBC}") = "PPCRental", "PPCRental\PPCRental.csproj", "{E836A490-45A4-449B-87D4-36581DCAA564}"
EndProject
Project("{FAE04EC0-301F-11D3-BF4B-00C04F79EFBC}") = "PPCRental.AcceptanceTests.Common", "PPCRental.AcceptanceTests.Common\PPCRental.AcceptanceTests.Common.csproj", "{29E8E330-447A-4982-849E-97E983723D49}"
EndProject
Global
	GlobalSection(SolutionConfigurationPlatforms) = preSolution
		Debug|Any CPU = Debug|Any CPU
		Release|Any CPU = Release|Any CPU
	EndGlobalSection
	GlobalSection(ProjectConfigurationPlatforms) = postSolution
		{1E46C189-22DF-4EB1-96D1-2D3B0BA94B2A}.Debug|Any CPU.ActiveCfg = Debug|Any CPU
		{1E46C189-22DF-4EB1-96D1-2D3B0BA94B2A}.Debug|Any CPU.Build.0 = Debug|Any CPU
		{1E46C189-22DF-4EB1-96D1-2D3B0BA94B2A}.Release|Any CPU.ActiveCfg = Release|Any CPU
		{1E46C189-22DF-4EB1-96D1-2D3B0BA94B2A}.Release|Any CPU.Build.0 = Release|Any CPU
		{D237C4C7-36D0-4A5C-BE86-E0A3BF47CB3D}.Debug|Any CPU.ActiveCfg = Debug|Any CPU
		{D237C4C7-36D0-4A5C-BE86-E0A3BF47CB3D}.Debug|Any CPU.Build.0 = Debug|Any CPU
		{D237C4C7-36D0-4A5C-BE86-E0A3BF47CB3D}.Release|Any CPU.ActiveCfg = Release|Any CPU
		{D237C4C7-36D0-4A5C-BE86-E0A3BF47CB3D}.Release|Any CPU.Build.0 = Release|Any CPU
		{418F11FC-C3AB-43DE-B00D-AF00F364107B}.Debug|Any CPU.ActiveCfg = Debug|Any CPU
		{418F11FC-C3AB-43DE-B00D-AF00F364107B}.Debug|Any CPU.Build.0 = Debug|Any CPU
		{418F11FC-C3AB-43DE-B00D-AF00F364107B}.Release|Any CPU.ActiveCfg = Release|Any CPU
		{418F11FC-C3AB-43DE-B00D-AF00F364107B}.Release|Any CPU.Build.0 = Release|Any CPU
		{E836A490-45A4-449B-87D4-36581DCAA564}.Debug|Any CPU.ActiveCfg = Debug|Any CPU
		{E836A490-45A4-449B-87D4-36581DCAA564}.Debug|Any CPU.Build.0 = Debug|Any CPU
		{E836A490-45A4-449B-87D4-36581DCAA564}.Release|Any CPU.ActiveCfg = Release|Any CPU
		{E836A490-45A4-449B-87D4-36581DCAA564}.Release|Any CPU.Build.0 = Release|Any CPU
		{29E8E330-447A-4982-849E-97E983723D49}.Debug|Any CPU.ActiveCfg = Debug|Any CPU
		{29E8E330-447A-4982-849E-97E983723D49}.Debug|Any CPU.Build.0 = Debug|Any CPU
		{29E8E330-447A-4982-849E-97E983723D49}.Release|Any CPU.ActiveCfg = Release|Any CPU
		{29E8E330-447A-4982-849E-97E983723D49}.Release|Any CPU.Build.0 = Release|Any CPU
	EndGlobalSection
	GlobalSection(SolutionProperties) = preSolution
		HideSolutionNode = FALSE
	EndGlobalSection
	GlobalSection(ExtensibilityGlobals) = postSolution
		SolutionGuid = {99E957EE-D2A0-4365-99CE-C68ED4192792}
	EndGlobalSection
EndGlobal
